
Microsoft Visual Studio Solution File, Format Version 12.00
# Visual Studio Version 17
VisualStudioVersion = 17.14.36518.9
MinimumVisualStudioVersion = 10.0.40219.1
Project("{FAE04EC0-301F-11D3-BF4B-00C04F79EFBC}") = "JAVV.Temperatura", "JAVV.Temperatura\JAVV.Temperatura.csproj", "{1777027B-180C-49F5-A836-F4BABAA3FD06}"
EndProject
Project("{FAE04EC0-301F-11D3-BF4B-00C04F79EFBC}") = "JAVV.Temperatura.UnitTest.MSTest", "JAVV.Temperatura.UnitTest.MSTest\JAVV.Temperatura.UnitTest.MSTest.csproj", "{3F53EAD8-487F-451E-9B0A-A166686A8914}"
EndProject
Project("{FAE04EC0-301F-11D3-BF4B-00C04F79EFBC}") = "JAVV.Manipulaciones", "JAVV.Manipulaciones\JAVV.Manipulaciones.csproj", "{5BCB40F5-F9CD-4BDE-8D36-B7C37D1257C4}"
EndProject
Project("{FAE04EC0-301F-11D3-BF4B-00C04F79EFBC}") = "JAVV.Manipulaciones.UnitTest.xUnit", "JAVV.Manipulaciones.UnitTest.xUnit\JAVV.Manipulaciones.UnitTest.xUnit.csproj", "{629DCBCB-7B6B-457A-A613-905A71A340FF}"
EndProject
Global
	GlobalSection(SolutionConfigurationPlatforms) = preSolution
		Debug|Any CPU = Debug|Any CPU
		Release|Any CPU = Release|Any CPU
	EndGlobalSection
	GlobalSection(ProjectConfigurationPlatforms) = postSolution
		{1777027B-180C-49F5-A836-F4BABAA3FD06}.Debug|Any CPU.ActiveCfg = Debug|Any CPU
		{1777027B-180C-49F5-A836-F4BABAA3FD06}.Debug|Any CPU.Build.0 = Debug|Any CPU
		{1777027B-180C-49F5-A836-F4BABAA3FD06}.Release|Any CPU.ActiveCfg = Release|Any CPU
		{1777027B-180C-49F5-A836-F4BABAA3FD06}.Release|Any CPU.Build.0 = Release|Any CPU
		{3F53EAD8-487F-451E-9B0A-A166686A8914}.Debug|Any CPU.ActiveCfg = Debug|Any CPU
		{3F53EAD8-487F-451E-9B0A-A166686A8914}.Debug|Any CPU.Build.0 = Debug|Any CPU
		{3F53EAD8-487F-451E-9B0A-A166686A8914}.Release|Any CPU.ActiveCfg = Release|Any CPU
		{3F53EAD8-487F-451E-9B0A-A166686A8914}.Release|Any CPU.Build.0 = Release|Any CPU
		{5BCB40F5-F9CD-4BDE-8D36-B7C37D1257C4}.Debug|Any CPU.ActiveCfg = Debug|Any CPU
		{5BCB40F5-F9CD-4BDE-8D36-B7C37D1257C4}.Debug|Any CPU.Build.0 = Debug|Any CPU
		{5BCB40F5-F9CD-4BDE-8D36-B7C37D1257C4}.Release|Any CPU.ActiveCfg = Release|Any CPU
		{5BCB40F5-F9CD-4BDE-8D36-B7C37D1257C4}.Release|Any CPU.Build.0 = Release|Any CPU
		{629DCBCB-7B6B-457A-A613-905A71A340FF}.Debug|Any CPU.ActiveCfg = Debug|Any CPU
		{629DCBCB-7B6B-457A-A613-905A71A340FF}.Debug|Any CPU.Build.0 = Debug|Any CPU
		{629DCBCB-7B6B-457A-A613-905A71A340FF}.Release|Any CPU.ActiveCfg = Release|Any CPU
		{629DCBCB-7B6B-457A-A613-905A71A340FF}.Release|Any CPU.Build.0 = Release|Any CPU
	EndGlobalSection
	GlobalSection(SolutionProperties) = preSolution
		HideSolutionNode = FALSE
	EndGlobalSection
	GlobalSection(ExtensibilityGlobals) = postSolution
		SolutionGuid = {906729E9-E066-4577-8DC8-B98F22F824D1}
	EndGlobalSection
EndGlobal
